# This file is automatically @generated by Cargo.
# It is not intended for manual editing.
version = 4

[[package]]
name = "semire_read"
version = "0.1.0"
source = "registry+https://github.com/rust-lang/crates.io-index"
checksum = "63152870b5f6a416746526a4848872cb9e5463bc9446c23dee9ae1294ed718f9"

[[package]]
name = "testing123"
version = "0.1.0"
dependencies = [
 "semire_read",
]
